
Microsoft Visual Studio Solution File, Format Version 12.00
# Visual Studio 15
Project("{FAE04EC0-301F-11D3-BF4B-00C04F79EFBC}") = "Oculus.Platform", "Oculus.Platform.csproj", "{31E5794A-AB3F-EA22-A0C3-138B6043A2FE}"
EndProject
Project("{FAE04EC0-301F-11D3-BF4B-00C04F79EFBC}") = "Assembly-CSharp", "Assembly-CSharp.csproj", "{ECA98493-A41E-5230-B155-34C8CD2835FD}"
EndProject
Project("{FAE04EC0-301F-11D3-BF4B-00C04F79EFBC}") = "Oculus.Spatializer", "Oculus.Spatializer.csproj", "{5DD1D45D-3091-5FA6-C5E2-C3DF5C667D58}"
EndProject
Project("{FAE04EC0-301F-11D3-BF4B-00C04F79EFBC}") = "Oculus.Interaction", "Oculus.Interaction.csproj", "{5780F060-DBC5-BC06-E310-90F697596866}"
EndProject
Project("{FAE04EC0-301F-11D3-BF4B-00C04F79EFBC}") = "Facebook.WitAI", "Facebook.WitAI.csproj", "{F26AD8C3-D1C8-3FD1-647F-6DE16FCA9B0A}"
EndProject
Project("{FAE04EC0-301F-11D3-BF4B-00C04F79EFBC}") = "Oculus.VR", "Oculus.VR.csproj", "{90F78D4B-9208-0DD1-B62B-70A7D38A5C51}"
EndProject
Project("{FAE04EC0-301F-11D3-BF4B-00C04F79EFBC}") = "Oculus.Interaction.Samples", "Oculus.Interaction.Samples.csproj", "{CC647253-805C-BC11-E474-ADDF419E9748}"
EndProject
Project("{FAE04EC0-301F-11D3-BF4B-00C04F79EFBC}") = "VoiceSDK.Dictation.Runtime", "VoiceSDK.Dictation.Runtime.csproj", "{BC775394-7A2F-531D-F155-6DB61B5BCDA4}"
EndProject
Project("{FAE04EC0-301F-11D3-BF4B-00C04F79EFBC}") = "Facebook.Wit.TTS", "Facebook.Wit.TTS.csproj", "{37196703-F690-AAEE-67CF-D8081AEFB006}"
EndProject
Project("{FAE04EC0-301F-11D3-BF4B-00C04F79EFBC}") = "Oculus.AudioManager", "Oculus.AudioManager.csproj", "{27A52A0E-4D17-9731-D14F-FC27FAC4E032}"
EndProject
Project("{FAE04EC0-301F-11D3-BF4B-00C04F79EFBC}") = "VoiceSDK.Runtime", "VoiceSDK.Runtime.csproj", "{ABCA504C-050C-6E10-17A0-4D550EE76C8A}"
EndProject
Project("{FAE04EC0-301F-11D3-BF4B-00C04F79EFBC}") = "Facebook.Wit.Dictation", "Facebook.Wit.Dictation.csproj", "{65E93AE8-C072-AD80-8042-9AA45D7CDDFC}"
EndProject
Project("{FAE04EC0-301F-11D3-BF4B-00C04F79EFBC}") = "Oculus.Voice.Demo", "Oculus.Voice.Demo.csproj", "{D9AD842D-1064-37B7-1EA9-609FD2EFD518}"
EndProject
Project("{FAE04EC0-301F-11D3-BF4B-00C04F79EFBC}") = "AssistantCoreSDKRuntime", "AssistantCoreSDKRuntime.csproj", "{B9FC7C4E-1515-5323-A798-CEF3368CED6B}"
EndProject
Project("{FAE04EC0-301F-11D3-BF4B-00C04F79EFBC}") = "LitJson", "LitJson.csproj", "{F226D8FB-08D9-024A-0CEA-82049D8E5D1C}"
EndProject
Project("{FAE04EC0-301F-11D3-BF4B-00C04F79EFBC}") = "Facebook.Wit.Conduit", "Facebook.Wit.Conduit.csproj", "{D042EBE9-9FDE-AFC8-ADD7-3AF270EF00CC}"
EndProject
Project("{FAE04EC0-301F-11D3-BF4B-00C04F79EFBC}") = "Oculus.LipSync", "Oculus.LipSync.csproj", "{54A06F72-E965-6722-4213-5974AD815E68}"
EndProject
Project("{FAE04EC0-301F-11D3-BF4B-00C04F79EFBC}") = "Facebook.Wit.TTS.Samples", "Facebook.Wit.TTS.Samples.csproj", "{B04A7CF7-48AE-CA69-F72A-3675ED473BB6}"
EndProject
Project("{FAE04EC0-301F-11D3-BF4B-00C04F79EFBC}") = "Facebook.Wit.Editor", "Facebook.Wit.Editor.csproj", "{5A83CBEC-88EB-2CA3-E50F-09D34B336AD2}"
EndProject
Project("{FAE04EC0-301F-11D3-BF4B-00C04F79EFBC}") = "Oculus.Interaction.Editor", "Oculus.Interaction.Editor.csproj", "{EA858E78-748B-E8E6-A904-88C8940FF36C}"
EndProject
Project("{FAE04EC0-301F-11D3-BF4B-00C04F79EFBC}") = "Facebook.Wit.Conduit.Editor", "Facebook.Wit.Conduit.Editor.csproj", "{2D2B1D34-0F61-1E7C-74E0-3A4DE6AC229F}"
EndProject
Project("{FAE04EC0-301F-11D3-BF4B-00C04F79EFBC}") = "Assembly-CSharp-Editor", "Assembly-CSharp-Editor.csproj", "{F358296E-EB94-1F68-15D8-DD621BFC0473}"
EndProject
Project("{FAE04EC0-301F-11D3-BF4B-00C04F79EFBC}") = "Oculus.Interaction.Samples.Editor", "Oculus.Interaction.Samples.Editor.csproj", "{B7F94A2D-6E7A-22ED-F004-481A02F449AA}"
EndProject
Project("{FAE04EC0-301F-11D3-BF4B-00C04F79EFBC}") = "Oculus.VR.Editor", "Oculus.VR.Editor.csproj", "{0EE30360-6209-FC5F-FEBD-EF2FE25947F0}"
EndProject
Project("{FAE04EC0-301F-11D3-BF4B-00C04F79EFBC}") = "VoiceSDK.Editor", "VoiceSDK.Editor.csproj", "{429B7782-713E-2B0F-5C8F-7075A1C0A395}"
EndProject
Project("{FAE04EC0-301F-11D3-BF4B-00C04F79EFBC}") = "Facebook.Wit.TTS.Editor", "Facebook.Wit.TTS.Editor.csproj", "{7E9C1822-C0DC-D19A-AD46-2C0A7A1BA78C}"
EndProject
Project("{FAE04EC0-301F-11D3-BF4B-00C04F79EFBC}") = "Facebook.Wit.Dictation.Editor", "Facebook.Wit.Dictation.Editor.csproj", "{B35F4CC9-F047-B089-B5DB-2AE97C66DF38}"
EndProject
Project("{FAE04EC0-301F-11D3-BF4B-00C04F79EFBC}") = "VoiceSDK.Dictation.Editor", "VoiceSDK.Dictation.Editor.csproj", "{978E9632-0A1B-2FC0-0888-FD0A416B4681}"
EndProject
Project("{FAE04EC0-301F-11D3-BF4B-00C04F79EFBC}") = "Oculus.Platform.Editor", "Oculus.Platform.Editor.csproj", "{6670F66E-9998-B323-EE76-201BA51BC32B}"
EndProject
Project("{FAE04EC0-301F-11D3-BF4B-00C04F79EFBC}") = "Oculus.Spatializer.Editor", "Oculus.Spatializer.Editor.csproj", "{42BF6864-FA4A-4E7A-3653-50D838D8F289}"
EndProject
Project("{FAE04EC0-301F-11D3-BF4B-00C04F79EFBC}") = "Oculus.AudioManager.Audio.Editor", "Oculus.AudioManager.Audio.Editor.csproj", "{D51BC948-2CD4-10F0-3945-FA0281DB6861}"
EndProject
Project("{FAE04EC0-301F-11D3-BF4B-00C04F79EFBC}") = "Oculus.Interaction.InterfaceSupport", "Oculus.Interaction.InterfaceSupport.csproj", "{FCB2736B-9E54-9014-C9A2-ED20B0B2C000}"
EndProject
Project("{FAE04EC0-301F-11D3-BF4B-00C04F79EFBC}") = "Oculus.VR.Scripts.Editor", "Oculus.VR.Scripts.Editor.csproj", "{D1B68A44-35CB-2900-5E12-358A402B411E}"
EndProject
Project("{FAE04EC0-301F-11D3-BF4B-00C04F79EFBC}") = "Oculus.LipSync.Editor", "Oculus.LipSync.Editor.csproj", "{09893292-5478-6A02-B7C6-9CE871E86E33}"
EndProject
Project("{FAE04EC0-301F-11D3-BF4B-00C04F79EFBC}") = "AssistantCoreSDKEditor", "AssistantCoreSDKEditor.csproj", "{73A11A55-A2C6-A965-B390-D1528E1EF81F}"
EndProject
Project("{FAE04EC0-301F-11D3-BF4B-00C04F79EFBC}") = "Oculus.AudioManager.Utils.Editor", "Oculus.AudioManager.Utils.Editor.csproj", "{49FB7FEC-61BD-0770-DCF4-EB1BBCCA1154}"
EndProject
Global
	GlobalSection(SolutionConfigurationPlatforms) = preSolution
		Debug|Any CPU = Debug|Any CPU
		Release|Any CPU = Release|Any CPU
	EndGlobalSection
	GlobalSection(ProjectConfigurationPlatforms) = postSolution
		{31E5794A-AB3F-EA22-A0C3-138B6043A2FE}.Debug|Any CPU.ActiveCfg = Debug|Any CPU
		{31E5794A-AB3F-EA22-A0C3-138B6043A2FE}.Debug|Any CPU.Build.0 = Debug|Any CPU
		{31E5794A-AB3F-EA22-A0C3-138B6043A2FE}.Release|Any CPU.ActiveCfg = Release|Any CPU
		{31E5794A-AB3F-EA22-A0C3-138B6043A2FE}.Release|Any CPU.Build.0 = Release|Any CPU
		{ECA98493-A41E-5230-B155-34C8CD2835FD}.Debug|Any CPU.ActiveCfg = Debug|Any CPU
		{ECA98493-A41E-5230-B155-34C8CD2835FD}.Debug|Any CPU.Build.0 = Debug|Any CPU
		{ECA98493-A41E-5230-B155-34C8CD2835FD}.Release|Any CPU.ActiveCfg = Release|Any CPU
		{ECA98493-A41E-5230-B155-34C8CD2835FD}.Release|Any CPU.Build.0 = Release|Any CPU
		{5DD1D45D-3091-5FA6-C5E2-C3DF5C667D58}.Debug|Any CPU.ActiveCfg = Debug|Any CPU
		{5DD1D45D-3091-5FA6-C5E2-C3DF5C667D58}.Debug|Any CPU.Build.0 = Debug|Any CPU
		{5DD1D45D-3091-5FA6-C5E2-C3DF5C667D58}.Release|Any CPU.ActiveCfg = Release|Any CPU
		{5DD1D45D-3091-5FA6-C5E2-C3DF5C667D58}.Release|Any CPU.Build.0 = Release|Any CPU
		{5780F060-DBC5-BC06-E310-90F697596866}.Debug|Any CPU.ActiveCfg = Debug|Any CPU
		{5780F060-DBC5-BC06-E310-90F697596866}.Debug|Any CPU.Build.0 = Debug|Any CPU
		{5780F060-DBC5-BC06-E310-90F697596866}.Release|Any CPU.ActiveCfg = Release|Any CPU
		{5780F060-DBC5-BC06-E310-90F697596866}.Release|Any CPU.Build.0 = Release|Any CPU
		{F26AD8C3-D1C8-3FD1-647F-6DE16FCA9B0A}.Debug|Any CPU.ActiveCfg = Debug|Any CPU
		{F26AD8C3-D1C8-3FD1-647F-6DE16FCA9B0A}.Debug|Any CPU.Build.0 = Debug|Any CPU
		{F26AD8C3-D1C8-3FD1-647F-6DE16FCA9B0A}.Release|Any CPU.ActiveCfg = Release|Any CPU
		{F26AD8C3-D1C8-3FD1-647F-6DE16FCA9B0A}.Release|Any CPU.Build.0 = Release|Any CPU
		{90F78D4B-9208-0DD1-B62B-70A7D38A5C51}.Debug|Any CPU.ActiveCfg = Debug|Any CPU
		{90F78D4B-9208-0DD1-B62B-70A7D38A5C51}.Debug|Any CPU.Build.0 = Debug|Any CPU
		{90F78D4B-9208-0DD1-B62B-70A7D38A5C51}.Release|Any CPU.ActiveCfg = Release|Any CPU
		{90F78D4B-9208-0DD1-B62B-70A7D38A5C51}.Release|Any CPU.Build.0 = Release|Any CPU
		{CC647253-805C-BC11-E474-ADDF419E9748}.Debug|Any CPU.ActiveCfg = Debug|Any CPU
		{CC647253-805C-BC11-E474-ADDF419E9748}.Debug|Any CPU.Build.0 = Debug|Any CPU
		{CC647253-805C-BC11-E474-ADDF419E9748}.Release|Any CPU.ActiveCfg = Release|Any CPU
		{CC647253-805C-BC11-E474-ADDF419E9748}.Release|Any CPU.Build.0 = Release|Any CPU
		{BC775394-7A2F-531D-F155-6DB61B5BCDA4}.Debug|Any CPU.ActiveCfg = Debug|Any CPU
		{BC775394-7A2F-531D-F155-6DB61B5BCDA4}.Debug|Any CPU.Build.0 = Debug|Any CPU
		{BC775394-7A2F-531D-F155-6DB61B5BCDA4}.Release|Any CPU.ActiveCfg = Release|Any CPU
		{BC775394-7A2F-531D-F155-6DB61B5BCDA4}.Release|Any CPU.Build.0 = Release|Any CPU
		{37196703-F690-AAEE-67CF-D8081AEFB006}.Debug|Any CPU.ActiveCfg = Debug|Any CPU
		{37196703-F690-AAEE-67CF-D8081AEFB006}.Debug|Any CPU.Build.0 = Debug|Any CPU
		{37196703-F690-AAEE-67CF-D8081AEFB006}.Release|Any CPU.ActiveCfg = Release|Any CPU
		{37196703-F690-AAEE-67CF-D8081AEFB006}.Release|Any CPU.Build.0 = Release|Any CPU
		{27A52A0E-4D17-9731-D14F-FC27FAC4E032}.Debug|Any CPU.ActiveCfg = Debug|Any CPU
		{27A52A0E-4D17-9731-D14F-FC27FAC4E032}.Debug|Any CPU.Build.0 = Debug|Any CPU
		{27A52A0E-4D17-9731-D14F-FC27FAC4E032}.Release|Any CPU.ActiveCfg = Release|Any CPU
		{27A52A0E-4D17-9731-D14F-FC27FAC4E032}.Release|Any CPU.Build.0 = Release|Any CPU
		{ABCA504C-050C-6E10-17A0-4D550EE76C8A}.Debug|Any CPU.ActiveCfg = Debug|Any CPU
		{ABCA504C-050C-6E10-17A0-4D550EE76C8A}.Debug|Any CPU.Build.0 = Debug|Any CPU
		{ABCA504C-050C-6E10-17A0-4D550EE76C8A}.Release|Any CPU.ActiveCfg = Release|Any CPU
		{ABCA504C-050C-6E10-17A0-4D550EE76C8A}.Release|Any CPU.Build.0 = Release|Any CPU
		{65E93AE8-C072-AD80-8042-9AA45D7CDDFC}.Debug|Any CPU.ActiveCfg = Debug|Any CPU
		{65E93AE8-C072-AD80-8042-9AA45D7CDDFC}.Debug|Any CPU.Build.0 = Debug|Any CPU
		{65E93AE8-C072-AD80-8042-9AA45D7CDDFC}.Release|Any CPU.ActiveCfg = Release|Any CPU
		{65E93AE8-C072-AD80-8042-9AA45D7CDDFC}.Release|Any CPU.Build.0 = Release|Any CPU
		{D9AD842D-1064-37B7-1EA9-609FD2EFD518}.Debug|Any CPU.ActiveCfg = Debug|Any CPU
		{D9AD842D-1064-37B7-1EA9-609FD2EFD518}.Debug|Any CPU.Build.0 = Debug|Any CPU
		{D9AD842D-1064-37B7-1EA9-609FD2EFD518}.Release|Any CPU.ActiveCfg = Release|Any CPU
		{D9AD842D-1064-37B7-1EA9-609FD2EFD518}.Release|Any CPU.Build.0 = Release|Any CPU
		{B9FC7C4E-1515-5323-A798-CEF3368CED6B}.Debug|Any CPU.ActiveCfg = Debug|Any CPU
		{B9FC7C4E-1515-5323-A798-CEF3368CED6B}.Debug|Any CPU.Build.0 = Debug|Any CPU
		{B9FC7C4E-1515-5323-A798-CEF3368CED6B}.Release|Any CPU.ActiveCfg = Release|Any CPU
		{B9FC7C4E-1515-5323-A798-CEF3368CED6B}.Release|Any CPU.Build.0 = Release|Any CPU
		{F226D8FB-08D9-024A-0CEA-82049D8E5D1C}.Debug|Any CPU.ActiveCfg = Debug|Any CPU
		{F226D8FB-08D9-024A-0CEA-82049D8E5D1C}.Debug|Any CPU.Build.0 = Debug|Any CPU
		{F226D8FB-08D9-024A-0CEA-82049D8E5D1C}.Release|Any CPU.ActiveCfg = Release|Any CPU
		{F226D8FB-08D9-024A-0CEA-82049D8E5D1C}.Release|Any CPU.Build.0 = Release|Any CPU
		{D042EBE9-9FDE-AFC8-ADD7-3AF270EF00CC}.Debug|Any CPU.ActiveCfg = Debug|Any CPU
		{D042EBE9-9FDE-AFC8-ADD7-3AF270EF00CC}.Debug|Any CPU.Build.0 = Debug|Any CPU
		{D042EBE9-9FDE-AFC8-ADD7-3AF270EF00CC}.Release|Any CPU.ActiveCfg = Release|Any CPU
		{D042EBE9-9FDE-AFC8-ADD7-3AF270EF00CC}.Release|Any CPU.Build.0 = Release|Any CPU
		{54A06F72-E965-6722-4213-5974AD815E68}.Debug|Any CPU.ActiveCfg = Debug|Any CPU
		{54A06F72-E965-6722-4213-5974AD815E68}.Debug|Any CPU.Build.0 = Debug|Any CPU
		{54A06F72-E965-6722-4213-5974AD815E68}.Release|Any CPU.ActiveCfg = Release|Any CPU
		{54A06F72-E965-6722-4213-5974AD815E68}.Release|Any CPU.Build.0 = Release|Any CPU
		{B04A7CF7-48AE-CA69-F72A-3675ED473BB6}.Debug|Any CPU.ActiveCfg = Debug|Any CPU
		{B04A7CF7-48AE-CA69-F72A-3675ED473BB6}.Debug|Any CPU.Build.0 = Debug|Any CPU
		{B04A7CF7-48AE-CA69-F72A-3675ED473BB6}.Release|Any CPU.ActiveCfg = Release|Any CPU
		{B04A7CF7-48AE-CA69-F72A-3675ED473BB6}.Release|Any CPU.Build.0 = Release|Any CPU
		{5A83CBEC-88EB-2CA3-E50F-09D34B336AD2}.Debug|Any CPU.ActiveCfg = Debug|Any CPU
		{5A83CBEC-88EB-2CA3-E50F-09D34B336AD2}.Debug|Any CPU.Build.0 = Debug|Any CPU
		{5A83CBEC-88EB-2CA3-E50F-09D34B336AD2}.Release|Any CPU.ActiveCfg = Release|Any CPU
		{5A83CBEC-88EB-2CA3-E50F-09D34B336AD2}.Release|Any CPU.Build.0 = Release|Any CPU
		{EA858E78-748B-E8E6-A904-88C8940FF36C}.Debug|Any CPU.ActiveCfg = Debug|Any CPU
		{EA858E78-748B-E8E6-A904-88C8940FF36C}.Debug|Any CPU.Build.0 = Debug|Any CPU
		{EA858E78-748B-E8E6-A904-88C8940FF36C}.Release|Any CPU.ActiveCfg = Release|Any CPU
		{EA858E78-748B-E8E6-A904-88C8940FF36C}.Release|Any CPU.Build.0 = Release|Any CPU
		{2D2B1D34-0F61-1E7C-74E0-3A4DE6AC229F}.Debug|Any CPU.ActiveCfg = Debug|Any CPU
		{2D2B1D34-0F61-1E7C-74E0-3A4DE6AC229F}.Debug|Any CPU.Build.0 = Debug|Any CPU
		{2D2B1D34-0F61-1E7C-74E0-3A4DE6AC229F}.Release|Any CPU.ActiveCfg = Release|Any CPU
		{2D2B1D34-0F61-1E7C-74E0-3A4DE6AC229F}.Release|Any CPU.Build.0 = Release|Any CPU
		{F358296E-EB94-1F68-15D8-DD621BFC0473}.Debug|Any CPU.ActiveCfg = Debug|Any CPU
		{F358296E-EB94-1F68-15D8-DD621BFC0473}.Debug|Any CPU.Build.0 = Debug|Any CPU
		{F358296E-EB94-1F68-15D8-DD621BFC0473}.Release|Any CPU.ActiveCfg = Release|Any CPU
		{F358296E-EB94-1F68-15D8-DD621BFC0473}.Release|Any CPU.Build.0 = Release|Any CPU
		{B7F94A2D-6E7A-22ED-F004-481A02F449AA}.Debug|Any CPU.ActiveCfg = Debug|Any CPU
		{B7F94A2D-6E7A-22ED-F004-481A02F449AA}.Debug|Any CPU.Build.0 = Debug|Any CPU
		{B7F94A2D-6E7A-22ED-F004-481A02F449AA}.Release|Any CPU.ActiveCfg = Release|Any CPU
		{B7F94A2D-6E7A-22ED-F004-481A02F449AA}.Release|Any CPU.Build.0 = Release|Any CPU
		{0EE30360-6209-FC5F-FEBD-EF2FE25947F0}.Debug|Any CPU.ActiveCfg = Debug|Any CPU
		{0EE30360-6209-FC5F-FEBD-EF2FE25947F0}.Debug|Any CPU.Build.0 = Debug|Any CPU
		{0EE30360-6209-FC5F-FEBD-EF2FE25947F0}.Release|Any CPU.ActiveCfg = Release|Any CPU
		{0EE30360-6209-FC5F-FEBD-EF2FE25947F0}.Release|Any CPU.Build.0 = Release|Any CPU
		{429B7782-713E-2B0F-5C8F-7075A1C0A395}.Debug|Any CPU.ActiveCfg = Debug|Any CPU
		{429B7782-713E-2B0F-5C8F-7075A1C0A395}.Debug|Any CPU.Build.0 = Debug|Any CPU
		{429B7782-713E-2B0F-5C8F-7075A1C0A395}.Release|Any CPU.ActiveCfg = Release|Any CPU
		{429B7782-713E-2B0F-5C8F-7075A1C0A395}.Release|Any CPU.Build.0 = Release|Any CPU
		{7E9C1822-C0DC-D19A-AD46-2C0A7A1BA78C}.Debug|Any CPU.ActiveCfg = Debug|Any CPU
		{7E9C1822-C0DC-D19A-AD46-2C0A7A1BA78C}.Debug|Any CPU.Build.0 = Debug|Any CPU
		{7E9C1822-C0DC-D19A-AD46-2C0A7A1BA78C}.Release|Any CPU.ActiveCfg = Release|Any CPU
		{7E9C1822-C0DC-D19A-AD46-2C0A7A1BA78C}.Release|Any CPU.Build.0 = Release|Any CPU
		{B35F4CC9-F047-B089-B5DB-2AE97C66DF38}.Debug|Any CPU.ActiveCfg = Debug|Any CPU
		{B35F4CC9-F047-B089-B5DB-2AE97C66DF38}.Debug|Any CPU.Build.0 = Debug|Any CPU
		{B35F4CC9-F047-B089-B5DB-2AE97C66DF38}.Release|Any CPU.ActiveCfg = Release|Any CPU
		{B35F4CC9-F047-B089-B5DB-2AE97C66DF38}.Release|Any CPU.Build.0 = Release|Any CPU
		{978E9632-0A1B-2FC0-0888-FD0A416B4681}.Debug|Any CPU.ActiveCfg = Debug|Any CPU
		{978E9632-0A1B-2FC0-0888-FD0A416B4681}.Debug|Any CPU.Build.0 = Debug|Any CPU
		{978E9632-0A1B-2FC0-0888-FD0A416B4681}.Release|Any CPU.ActiveCfg = Release|Any CPU
		{978E9632-0A1B-2FC0-0888-FD0A416B4681}.Release|Any CPU.Build.0 = Release|Any CPU
		{6670F66E-9998-B323-EE76-201BA51BC32B}.Debug|Any CPU.ActiveCfg = Debug|Any CPU
		{6670F66E-9998-B323-EE76-201BA51BC32B}.Debug|Any CPU.Build.0 = Debug|Any CPU
		{6670F66E-9998-B323-EE76-201BA51BC32B}.Release|Any CPU.ActiveCfg = Release|Any CPU
		{6670F66E-9998-B323-EE76-201BA51BC32B}.Release|Any CPU.Build.0 = Release|Any CPU
		{42BF6864-FA4A-4E7A-3653-50D838D8F289}.Debug|Any CPU.ActiveCfg = Debug|Any CPU
		{42BF6864-FA4A-4E7A-3653-50D838D8F289}.Debug|Any CPU.Build.0 = Debug|Any CPU
		{42BF6864-FA4A-4E7A-3653-50D838D8F289}.Release|Any CPU.ActiveCfg = Release|Any CPU
		{42BF6864-FA4A-4E7A-3653-50D838D8F289}.Release|Any CPU.Build.0 = Release|Any CPU
		{D51BC948-2CD4-10F0-3945-FA0281DB6861}.Debug|Any CPU.ActiveCfg = Debug|Any CPU
		{D51BC948-2CD4-10F0-3945-FA0281DB6861}.Debug|Any CPU.Build.0 = Debug|Any CPU
		{D51BC948-2CD4-10F0-3945-FA0281DB6861}.Release|Any CPU.ActiveCfg = Release|Any CPU
		{D51BC948-2CD4-10F0-3945-FA0281DB6861}.Release|Any CPU.Build.0 = Release|Any CPU
		{FCB2736B-9E54-9014-C9A2-ED20B0B2C000}.Debug|Any CPU.ActiveCfg = Debug|Any CPU
		{FCB2736B-9E54-9014-C9A2-ED20B0B2C000}.Debug|Any CPU.Build.0 = Debug|Any CPU
		{FCB2736B-9E54-9014-C9A2-ED20B0B2C000}.Release|Any CPU.ActiveCfg = Release|Any CPU
		{FCB2736B-9E54-9014-C9A2-ED20B0B2C000}.Release|Any CPU.Build.0 = Release|Any CPU
		{D1B68A44-35CB-2900-5E12-358A402B411E}.Debug|Any CPU.ActiveCfg = Debug|Any CPU
		{D1B68A44-35CB-2900-5E12-358A402B411E}.Debug|Any CPU.Build.0 = Debug|Any CPU
		{D1B68A44-35CB-2900-5E12-358A402B411E}.Release|Any CPU.ActiveCfg = Release|Any CPU
		{D1B68A44-35CB-2900-5E12-358A402B411E}.Release|Any CPU.Build.0 = Release|Any CPU
		{09893292-5478-6A02-B7C6-9CE871E86E33}.Debug|Any CPU.ActiveCfg = Debug|Any CPU
		{09893292-5478-6A02-B7C6-9CE871E86E33}.Debug|Any CPU.Build.0 = Debug|Any CPU
		{09893292-5478-6A02-B7C6-9CE871E86E33}.Release|Any CPU.ActiveCfg = Release|Any CPU
		{09893292-5478-6A02-B7C6-9CE871E86E33}.Release|Any CPU.Build.0 = Release|Any CPU
		{73A11A55-A2C6-A965-B390-D1528E1EF81F}.Debug|Any CPU.ActiveCfg = Debug|Any CPU
		{73A11A55-A2C6-A965-B390-D1528E1EF81F}.Debug|Any CPU.Build.0 = Debug|Any CPU
		{73A11A55-A2C6-A965-B390-D1528E1EF81F}.Release|Any CPU.ActiveCfg = Release|Any CPU
		{73A11A55-A2C6-A965-B390-D1528E1EF81F}.Release|Any CPU.Build.0 = Release|Any CPU
		{49FB7FEC-61BD-0770-DCF4-EB1BBCCA1154}.Debug|Any CPU.ActiveCfg = Debug|Any CPU
		{49FB7FEC-61BD-0770-DCF4-EB1BBCCA1154}.Debug|Any CPU.Build.0 = Debug|Any CPU
		{49FB7FEC-61BD-0770-DCF4-EB1BBCCA1154}.Release|Any CPU.ActiveCfg = Release|Any CPU
		{49FB7FEC-61BD-0770-DCF4-EB1BBCCA1154}.Release|Any CPU.Build.0 = Release|Any CPU
	EndGlobalSection
	GlobalSection(SolutionProperties) = preSolution
		HideSolutionNode = FALSE
	EndGlobalSection
EndGlobal
