
Microsoft Visual Studio Solution File, Format Version 11.00
# Visual Studio 2010
Project("{FAE04EC0-301F-11D3-BF4B-00C04F79EFBC}") = "Oculus.Platform", "Oculus.Platform.csproj", "{f9e38281-0e4e-9c4c-f4d2-e68a544bf56f}"
EndProject
Project("{FAE04EC0-301F-11D3-BF4B-00C04F79EFBC}") = "Assembly-CSharp", "Assembly-CSharp.csproj", "{e032207c-cdc9-dfd7-1906-29e781a4dfad}"
EndProject
Project("{FAE04EC0-301F-11D3-BF4B-00C04F79EFBC}") = "Oculus.Spatializer", "Oculus.Spatializer.csproj", "{a4bc9e90-5209-f0f4-24a7-500acde6e644}"
EndProject
Project("{FAE04EC0-301F-11D3-BF4B-00C04F79EFBC}") = "Oculus.Interaction", "Oculus.Interaction.csproj", "{c58141c7-8a11-e132-a8e8-98d4625693a4}"
EndProject
Project("{FAE04EC0-301F-11D3-BF4B-00C04F79EFBC}") = "Facebook.WitAI", "Facebook.WitAI.csproj", "{ee59bd1b-3b8e-398d-4992-c492a9e2bffc}"
EndProject
Project("{FAE04EC0-301F-11D3-BF4B-00C04F79EFBC}") = "Oculus.VR", "Oculus.VR.csproj", "{2ca548f0-5e94-4731-79e3-b6b33b03ad4e}"
EndProject
Project("{FAE04EC0-301F-11D3-BF4B-00C04F79EFBC}") = "Oculus.Interaction.Samples", "Oculus.Interaction.Samples.csproj", "{102ac3a7-cf48-fff6-33f1-7d326ce1697f}"
EndProject
Project("{FAE04EC0-301F-11D3-BF4B-00C04F79EFBC}") = "VoiceSDK.Dictation.Runtime", "VoiceSDK.Dictation.Runtime.csproj", "{2c922e3e-2429-4fd3-d596-cd434ca67b04}"
EndProject
Project("{FAE04EC0-301F-11D3-BF4B-00C04F79EFBC}") = "Facebook.Wit.TTS", "Facebook.Wit.TTS.csproj", "{691ae34b-4fed-4695-0cf2-0065babebea1}"
EndProject
Project("{FAE04EC0-301F-11D3-BF4B-00C04F79EFBC}") = "Oculus.AudioManager", "Oculus.AudioManager.csproj", "{a260d53e-254f-b3d6-6a06-f3a5afb5183b}"
EndProject
Project("{FAE04EC0-301F-11D3-BF4B-00C04F79EFBC}") = "VoiceSDK.Runtime", "VoiceSDK.Runtime.csproj", "{5ab47c55-0033-5ba5-575e-2a1c3896476c}"
EndProject
Project("{FAE04EC0-301F-11D3-BF4B-00C04F79EFBC}") = "Facebook.Wit.Dictation", "Facebook.Wit.Dictation.csproj", "{f9b87001-aff6-0c6c-f6da-2b70459b870e}"
EndProject
Project("{FAE04EC0-301F-11D3-BF4B-00C04F79EFBC}") = "Oculus.Voice.Demo", "Oculus.Voice.Demo.csproj", "{05b93923-bd16-293d-a12f-8d76bc481838}"
EndProject
Project("{FAE04EC0-301F-11D3-BF4B-00C04F79EFBC}") = "AssistantCoreSDKRuntime", "AssistantCoreSDKRuntime.csproj", "{6422fb76-ddd5-0658-b31a-1b1adf98e4d7}"
EndProject
Project("{FAE04EC0-301F-11D3-BF4B-00C04F79EFBC}") = "LitJson", "LitJson.csproj", "{26f9d7fb-a10e-9a60-006d-575c3ce48747}"
EndProject
Project("{FAE04EC0-301F-11D3-BF4B-00C04F79EFBC}") = "Facebook.Wit.Conduit", "Facebook.Wit.Conduit.csproj", "{2462102b-9c1a-008d-1c36-7fa84cb14d73}"
EndProject
Project("{FAE04EC0-301F-11D3-BF4B-00C04F79EFBC}") = "Oculus.LipSync", "Oculus.LipSync.csproj", "{bc3ee3a9-8f53-b36d-68df-071633c74e56}"
EndProject
Project("{FAE04EC0-301F-11D3-BF4B-00C04F79EFBC}") = "Facebook.Wit.TTS.Samples", "Facebook.Wit.TTS.Samples.csproj", "{86547bbd-9fb7-7bd7-34de-7c60cf41038d}"
EndProject
Project("{FAE04EC0-301F-11D3-BF4B-00C04F79EFBC}") = "Facebook.Wit.Editor", "Facebook.Wit.Editor.csproj", "{75385fe0-b735-3d75-ecb9-6c48b79ed6e4}"
EndProject
Project("{FAE04EC0-301F-11D3-BF4B-00C04F79EFBC}") = "Oculus.Interaction.Editor", "Oculus.Interaction.Editor.csproj", "{f680952a-31cc-2c5e-bb44-a2cb679801ff}"
EndProject
Project("{FAE04EC0-301F-11D3-BF4B-00C04F79EFBC}") = "Facebook.Wit.Conduit.Editor", "Facebook.Wit.Conduit.Editor.csproj", "{64b0baaa-da4e-6b29-e6b6-aaaf760ee8c5}"
EndProject
Project("{FAE04EC0-301F-11D3-BF4B-00C04F79EFBC}") = "Assembly-CSharp-Editor", "Assembly-CSharp-Editor.csproj", "{e7303aba-69e6-da1c-e873-08d6e69e84e1}"
EndProject
Project("{FAE04EC0-301F-11D3-BF4B-00C04F79EFBC}") = "Oculus.Interaction.Samples.Editor", "Oculus.Interaction.Samples.Editor.csproj", "{7142068b-4c1c-eca6-72c0-35da666d9bbf}"
EndProject
Project("{FAE04EC0-301F-11D3-BF4B-00C04F79EFBC}") = "Oculus.VR.Editor", "Oculus.VR.Editor.csproj", "{55458208-92dc-771b-05ae-280162807a07}"
EndProject
Project("{FAE04EC0-301F-11D3-BF4B-00C04F79EFBC}") = "VoiceSDK.Editor", "VoiceSDK.Editor.csproj", "{214ec65d-340b-4728-f7aa-440994d2fe0f}"
EndProject
Project("{FAE04EC0-301F-11D3-BF4B-00C04F79EFBC}") = "Facebook.Wit.TTS.Editor", "Facebook.Wit.TTS.Editor.csproj", "{a99258c6-f4c3-2f9f-fa84-53bcb7d23d4c}"
EndProject
Project("{FAE04EC0-301F-11D3-BF4B-00C04F79EFBC}") = "Facebook.Wit.Dictation.Editor", "Facebook.Wit.Dictation.Editor.csproj", "{c0d55be1-008f-9e5d-25e0-19394e4e3c4c}"
EndProject
Project("{FAE04EC0-301F-11D3-BF4B-00C04F79EFBC}") = "VoiceSDK.Dictation.Editor", "VoiceSDK.Dictation.Editor.csproj", "{e35a6567-c2e7-2751-7829-db6a52a0348a}"
EndProject
Project("{FAE04EC0-301F-11D3-BF4B-00C04F79EFBC}") = "Oculus.Platform.Editor", "Oculus.Platform.Editor.csproj", "{d967e86a-3b7f-7c9a-7109-e197b6094786}"
EndProject
Project("{FAE04EC0-301F-11D3-BF4B-00C04F79EFBC}") = "Oculus.Spatializer.Editor", "Oculus.Spatializer.Editor.csproj", "{1b184fec-b8c5-f5a2-bdea-afb489d17e70}"
EndProject
Project("{FAE04EC0-301F-11D3-BF4B-00C04F79EFBC}") = "Oculus.AudioManager.Audio.Editor", "Oculus.AudioManager.Audio.Editor.csproj", "{5b2de659-8e80-f31f-84c9-1e492c204869}"
EndProject
Project("{FAE04EC0-301F-11D3-BF4B-00C04F79EFBC}") = "Oculus.Interaction.InterfaceSupport", "Oculus.Interaction.InterfaceSupport.csproj", "{bdfff573-c020-c15a-4d84-f98a5d513d4a}"
EndProject
Project("{FAE04EC0-301F-11D3-BF4B-00C04F79EFBC}") = "Oculus.VR.Scripts.Editor", "Oculus.VR.Scripts.Editor.csproj", "{5c76ae4c-9e62-32d8-4a24-8f34a8696422}"
EndProject
Project("{FAE04EC0-301F-11D3-BF4B-00C04F79EFBC}") = "Oculus.LipSync.Editor", "Oculus.LipSync.Editor.csproj", "{e9cb1e6d-d418-f52c-156f-d43138358c10}"
EndProject
Project("{FAE04EC0-301F-11D3-BF4B-00C04F79EFBC}") = "AssistantCoreSDKEditor", "AssistantCoreSDKEditor.csproj", "{a3a39251-921d-ddf3-50ec-405b748db281}"
EndProject
Project("{FAE04EC0-301F-11D3-BF4B-00C04F79EFBC}") = "Oculus.AudioManager.Utils.Editor", "Oculus.AudioManager.Utils.Editor.csproj", "{9f42e773-0cbf-39ae-c444-da720d1e17de}"
EndProject
Global
	GlobalSection(SolutionConfigurationPlatforms) = preSolution
		Debug|Any CPU = Debug|Any CPU
	EndGlobalSection
	GlobalSection(ProjectConfigurationPlatforms) = postSolution
		{f9e38281-0e4e-9c4c-f4d2-e68a544bf56f}.Debug|Any CPU.ActiveCfg = Debug|Any CPU
		{f9e38281-0e4e-9c4c-f4d2-e68a544bf56f}.Debug|Any CPU.Build.0 = Debug|Any CPU
		{e032207c-cdc9-dfd7-1906-29e781a4dfad}.Debug|Any CPU.ActiveCfg = Debug|Any CPU
		{e032207c-cdc9-dfd7-1906-29e781a4dfad}.Debug|Any CPU.Build.0 = Debug|Any CPU
		{a4bc9e90-5209-f0f4-24a7-500acde6e644}.Debug|Any CPU.ActiveCfg = Debug|Any CPU
		{a4bc9e90-5209-f0f4-24a7-500acde6e644}.Debug|Any CPU.Build.0 = Debug|Any CPU
		{c58141c7-8a11-e132-a8e8-98d4625693a4}.Debug|Any CPU.ActiveCfg = Debug|Any CPU
		{c58141c7-8a11-e132-a8e8-98d4625693a4}.Debug|Any CPU.Build.0 = Debug|Any CPU
		{ee59bd1b-3b8e-398d-4992-c492a9e2bffc}.Debug|Any CPU.ActiveCfg = Debug|Any CPU
		{ee59bd1b-3b8e-398d-4992-c492a9e2bffc}.Debug|Any CPU.Build.0 = Debug|Any CPU
		{2ca548f0-5e94-4731-79e3-b6b33b03ad4e}.Debug|Any CPU.ActiveCfg = Debug|Any CPU
		{2ca548f0-5e94-4731-79e3-b6b33b03ad4e}.Debug|Any CPU.Build.0 = Debug|Any CPU
		{102ac3a7-cf48-fff6-33f1-7d326ce1697f}.Debug|Any CPU.ActiveCfg = Debug|Any CPU
		{102ac3a7-cf48-fff6-33f1-7d326ce1697f}.Debug|Any CPU.Build.0 = Debug|Any CPU
		{2c922e3e-2429-4fd3-d596-cd434ca67b04}.Debug|Any CPU.ActiveCfg = Debug|Any CPU
		{2c922e3e-2429-4fd3-d596-cd434ca67b04}.Debug|Any CPU.Build.0 = Debug|Any CPU
		{691ae34b-4fed-4695-0cf2-0065babebea1}.Debug|Any CPU.ActiveCfg = Debug|Any CPU
		{691ae34b-4fed-4695-0cf2-0065babebea1}.Debug|Any CPU.Build.0 = Debug|Any CPU
		{a260d53e-254f-b3d6-6a06-f3a5afb5183b}.Debug|Any CPU.ActiveCfg = Debug|Any CPU
		{a260d53e-254f-b3d6-6a06-f3a5afb5183b}.Debug|Any CPU.Build.0 = Debug|Any CPU
		{5ab47c55-0033-5ba5-575e-2a1c3896476c}.Debug|Any CPU.ActiveCfg = Debug|Any CPU
		{5ab47c55-0033-5ba5-575e-2a1c3896476c}.Debug|Any CPU.Build.0 = Debug|Any CPU
		{f9b87001-aff6-0c6c-f6da-2b70459b870e}.Debug|Any CPU.ActiveCfg = Debug|Any CPU
		{f9b87001-aff6-0c6c-f6da-2b70459b870e}.Debug|Any CPU.Build.0 = Debug|Any CPU
		{05b93923-bd16-293d-a12f-8d76bc481838}.Debug|Any CPU.ActiveCfg = Debug|Any CPU
		{05b93923-bd16-293d-a12f-8d76bc481838}.Debug|Any CPU.Build.0 = Debug|Any CPU
		{6422fb76-ddd5-0658-b31a-1b1adf98e4d7}.Debug|Any CPU.ActiveCfg = Debug|Any CPU
		{6422fb76-ddd5-0658-b31a-1b1adf98e4d7}.Debug|Any CPU.Build.0 = Debug|Any CPU
		{26f9d7fb-a10e-9a60-006d-575c3ce48747}.Debug|Any CPU.ActiveCfg = Debug|Any CPU
		{26f9d7fb-a10e-9a60-006d-575c3ce48747}.Debug|Any CPU.Build.0 = Debug|Any CPU
		{2462102b-9c1a-008d-1c36-7fa84cb14d73}.Debug|Any CPU.ActiveCfg = Debug|Any CPU
		{2462102b-9c1a-008d-1c36-7fa84cb14d73}.Debug|Any CPU.Build.0 = Debug|Any CPU
		{bc3ee3a9-8f53-b36d-68df-071633c74e56}.Debug|Any CPU.ActiveCfg = Debug|Any CPU
		{bc3ee3a9-8f53-b36d-68df-071633c74e56}.Debug|Any CPU.Build.0 = Debug|Any CPU
		{86547bbd-9fb7-7bd7-34de-7c60cf41038d}.Debug|Any CPU.ActiveCfg = Debug|Any CPU
		{86547bbd-9fb7-7bd7-34de-7c60cf41038d}.Debug|Any CPU.Build.0 = Debug|Any CPU
		{75385fe0-b735-3d75-ecb9-6c48b79ed6e4}.Debug|Any CPU.ActiveCfg = Debug|Any CPU
		{75385fe0-b735-3d75-ecb9-6c48b79ed6e4}.Debug|Any CPU.Build.0 = Debug|Any CPU
		{f680952a-31cc-2c5e-bb44-a2cb679801ff}.Debug|Any CPU.ActiveCfg = Debug|Any CPU
		{f680952a-31cc-2c5e-bb44-a2cb679801ff}.Debug|Any CPU.Build.0 = Debug|Any CPU
		{64b0baaa-da4e-6b29-e6b6-aaaf760ee8c5}.Debug|Any CPU.ActiveCfg = Debug|Any CPU
		{64b0baaa-da4e-6b29-e6b6-aaaf760ee8c5}.Debug|Any CPU.Build.0 = Debug|Any CPU
		{e7303aba-69e6-da1c-e873-08d6e69e84e1}.Debug|Any CPU.ActiveCfg = Debug|Any CPU
		{e7303aba-69e6-da1c-e873-08d6e69e84e1}.Debug|Any CPU.Build.0 = Debug|Any CPU
		{7142068b-4c1c-eca6-72c0-35da666d9bbf}.Debug|Any CPU.ActiveCfg = Debug|Any CPU
		{7142068b-4c1c-eca6-72c0-35da666d9bbf}.Debug|Any CPU.Build.0 = Debug|Any CPU
		{55458208-92dc-771b-05ae-280162807a07}.Debug|Any CPU.ActiveCfg = Debug|Any CPU
		{55458208-92dc-771b-05ae-280162807a07}.Debug|Any CPU.Build.0 = Debug|Any CPU
		{214ec65d-340b-4728-f7aa-440994d2fe0f}.Debug|Any CPU.ActiveCfg = Debug|Any CPU
		{214ec65d-340b-4728-f7aa-440994d2fe0f}.Debug|Any CPU.Build.0 = Debug|Any CPU
		{a99258c6-f4c3-2f9f-fa84-53bcb7d23d4c}.Debug|Any CPU.ActiveCfg = Debug|Any CPU
		{a99258c6-f4c3-2f9f-fa84-53bcb7d23d4c}.Debug|Any CPU.Build.0 = Debug|Any CPU
		{c0d55be1-008f-9e5d-25e0-19394e4e3c4c}.Debug|Any CPU.ActiveCfg = Debug|Any CPU
		{c0d55be1-008f-9e5d-25e0-19394e4e3c4c}.Debug|Any CPU.Build.0 = Debug|Any CPU
		{e35a6567-c2e7-2751-7829-db6a52a0348a}.Debug|Any CPU.ActiveCfg = Debug|Any CPU
		{e35a6567-c2e7-2751-7829-db6a52a0348a}.Debug|Any CPU.Build.0 = Debug|Any CPU
		{d967e86a-3b7f-7c9a-7109-e197b6094786}.Debug|Any CPU.ActiveCfg = Debug|Any CPU
		{d967e86a-3b7f-7c9a-7109-e197b6094786}.Debug|Any CPU.Build.0 = Debug|Any CPU
		{1b184fec-b8c5-f5a2-bdea-afb489d17e70}.Debug|Any CPU.ActiveCfg = Debug|Any CPU
		{1b184fec-b8c5-f5a2-bdea-afb489d17e70}.Debug|Any CPU.Build.0 = Debug|Any CPU
		{5b2de659-8e80-f31f-84c9-1e492c204869}.Debug|Any CPU.ActiveCfg = Debug|Any CPU
		{5b2de659-8e80-f31f-84c9-1e492c204869}.Debug|Any CPU.Build.0 = Debug|Any CPU
		{bdfff573-c020-c15a-4d84-f98a5d513d4a}.Debug|Any CPU.ActiveCfg = Debug|Any CPU
		{bdfff573-c020-c15a-4d84-f98a5d513d4a}.Debug|Any CPU.Build.0 = Debug|Any CPU
		{5c76ae4c-9e62-32d8-4a24-8f34a8696422}.Debug|Any CPU.ActiveCfg = Debug|Any CPU
		{5c76ae4c-9e62-32d8-4a24-8f34a8696422}.Debug|Any CPU.Build.0 = Debug|Any CPU
		{e9cb1e6d-d418-f52c-156f-d43138358c10}.Debug|Any CPU.ActiveCfg = Debug|Any CPU
		{e9cb1e6d-d418-f52c-156f-d43138358c10}.Debug|Any CPU.Build.0 = Debug|Any CPU
		{a3a39251-921d-ddf3-50ec-405b748db281}.Debug|Any CPU.ActiveCfg = Debug|Any CPU
		{a3a39251-921d-ddf3-50ec-405b748db281}.Debug|Any CPU.Build.0 = Debug|Any CPU
		{9f42e773-0cbf-39ae-c444-da720d1e17de}.Debug|Any CPU.ActiveCfg = Debug|Any CPU
		{9f42e773-0cbf-39ae-c444-da720d1e17de}.Debug|Any CPU.Build.0 = Debug|Any CPU
	EndGlobalSection
	GlobalSection(SolutionProperties) = preSolution
		HideSolutionNode = FALSE
	EndGlobalSection
EndGlobal
