
Microsoft Visual Studio Solution File, Format Version 11.00
# Visual Studio 2010
Project("{FAE04EC0-301F-11D3-BF4B-00C04F79EFBC}") = "Oculus.Platform", "Oculus.Platform.csproj", "{6998DA02-140E-B6BE-3B3B-3D944C405B1E}"
EndProject
Project("{FAE04EC0-301F-11D3-BF4B-00C04F79EFBC}") = "Assembly-CSharp", "Assembly-CSharp.csproj", "{EEBB964B-B897-A0A3-2E47-22F779222574}"
EndProject
Project("{FAE04EC0-301F-11D3-BF4B-00C04F79EFBC}") = "Oculus.Spatializer", "Oculus.Spatializer.csproj", "{CA09B8A4-59B6-A457-E22D-723B9B6697E0}"
EndProject
Project("{FAE04EC0-301F-11D3-BF4B-00C04F79EFBC}") = "Oculus.Interaction", "Oculus.Interaction.csproj", "{5DFBC1AD-CBF9-B8F1-5E00-BCE653F3153C}"
EndProject
Project("{FAE04EC0-301F-11D3-BF4B-00C04F79EFBC}") = "Facebook.WitAI", "Facebook.WitAI.csproj", "{249F6984-2364-224E-533C-4E4BC0BA1002}"
EndProject
Project("{FAE04EC0-301F-11D3-BF4B-00C04F79EFBC}") = "Oculus.VR", "Oculus.VR.csproj", "{BB6A8066-1371-428A-424F-00C0ED01F958}"
EndProject
Project("{FAE04EC0-301F-11D3-BF4B-00C04F79EFBC}") = "Oculus.Interaction.Samples", "Oculus.Interaction.Samples.csproj", "{3B07B09C-E727-6720-A66E-D8517BB9B831}"
EndProject
Project("{FAE04EC0-301F-11D3-BF4B-00C04F79EFBC}") = "VoiceSDK.Dictation.Runtime", "VoiceSDK.Dictation.Runtime.csproj", "{3E0821C0-C3E9-622C-52A9-D48D29C5C786}"
EndProject
Project("{FAE04EC0-301F-11D3-BF4B-00C04F79EFBC}") = "Facebook.Wit.TTS", "Facebook.Wit.TTS.csproj", "{8443B0F6-0E1A-A787-875A-3D8E2931C8B0}"
EndProject
Project("{FAE04EC0-301F-11D3-BF4B-00C04F79EFBC}") = "Oculus.AudioManager", "Oculus.AudioManager.csproj", "{676D96A0-889C-3B4F-9263-7F5CF9535D47}"
EndProject
Project("{FAE04EC0-301F-11D3-BF4B-00C04F79EFBC}") = "VoiceSDK.Runtime", "VoiceSDK.Runtime.csproj", "{1BD76280-BE10-F424-4640-2A19C143D31B}"
EndProject
Project("{FAE04EC0-301F-11D3-BF4B-00C04F79EFBC}") = "Facebook.Wit.Dictation", "Facebook.Wit.Dictation.csproj", "{959546F6-7997-34D3-0ADD-28BEBBAFF1CF}"
EndProject
Project("{FAE04EC0-301F-11D3-BF4B-00C04F79EFBC}") = "Oculus.Voice.Demo", "Oculus.Voice.Demo.csproj", "{69A29DBF-3C5D-1148-DAF7-007D3EDACD79}"
EndProject
Project("{FAE04EC0-301F-11D3-BF4B-00C04F79EFBC}") = "AssistantCoreSDKRuntime", "AssistantCoreSDKRuntime.csproj", "{7A23977F-4733-F944-132A-1D480BE651DD}"
EndProject
Project("{FAE04EC0-301F-11D3-BF4B-00C04F79EFBC}") = "LitJson", "LitJson.csproj", "{546BFCC7-26AD-74F3-467B-7363F4C24E3A}"
EndProject
Project("{FAE04EC0-301F-11D3-BF4B-00C04F79EFBC}") = "Facebook.Wit.Conduit", "Facebook.Wit.Conduit.csproj", "{37B1E9CD-583E-B7F8-130D-3676F1236CF4}"
EndProject
Project("{FAE04EC0-301F-11D3-BF4B-00C04F79EFBC}") = "Oculus.LipSync", "Oculus.LipSync.csproj", "{3B488195-6BFD-F718-BB38-35A7F4A983A9}"
EndProject
Project("{FAE04EC0-301F-11D3-BF4B-00C04F79EFBC}") = "Facebook.Wit.TTS.Samples", "Facebook.Wit.TTS.Samples.csproj", "{6E5FD89D-B3A9-58B0-9E58-8BE4E0884B75}"
EndProject
Project("{FAE04EC0-301F-11D3-BF4B-00C04F79EFBC}") = "Facebook.Wit.Editor", "Facebook.Wit.Editor.csproj", "{3FF0DBC8-F3F6-0086-81CE-D2B4D62F0701}"
EndProject
Project("{FAE04EC0-301F-11D3-BF4B-00C04F79EFBC}") = "Oculus.Interaction.Editor", "Oculus.Interaction.Editor.csproj", "{EEBF2E81-045F-2F9A-E82C-4B8BFF2B96F7}"
EndProject
Project("{FAE04EC0-301F-11D3-BF4B-00C04F79EFBC}") = "Facebook.Wit.Conduit.Editor", "Facebook.Wit.Conduit.Editor.csproj", "{B3DDC3EE-9ED1-599C-8FFC-841CE1293A00}"
EndProject
Project("{FAE04EC0-301F-11D3-BF4B-00C04F79EFBC}") = "Assembly-CSharp-Editor", "Assembly-CSharp-Editor.csproj", "{8E38E5DB-E169-851D-6829-6464583E438E}"
EndProject
Project("{FAE04EC0-301F-11D3-BF4B-00C04F79EFBC}") = "Oculus.Interaction.Samples.Editor", "Oculus.Interaction.Samples.Editor.csproj", "{CD6806D1-E642-AFF1-F48E-F0D4351852C3}"
EndProject
Project("{FAE04EC0-301F-11D3-BF4B-00C04F79EFBC}") = "Oculus.VR.Editor", "Oculus.VR.Editor.csproj", "{BFEFE7C1-455F-FFC2-3614-8723E165D485}"
EndProject
Project("{FAE04EC0-301F-11D3-BF4B-00C04F79EFBC}") = "VoiceSDK.Editor", "VoiceSDK.Editor.csproj", "{8C82AE82-203A-2353-6BC6-FFCCBA88B968}"
EndProject
Project("{FAE04EC0-301F-11D3-BF4B-00C04F79EFBC}") = "Facebook.Wit.TTS.Editor", "Facebook.Wit.TTS.Editor.csproj", "{65C14258-5877-1F0D-B46A-9FF15C6B031A}"
EndProject
Project("{FAE04EC0-301F-11D3-BF4B-00C04F79EFBC}") = "Facebook.Wit.Dictation.Editor", "Facebook.Wit.Dictation.Editor.csproj", "{043F880E-1EC5-8ED0-5132-30C9AFA25594}"
EndProject
Project("{FAE04EC0-301F-11D3-BF4B-00C04F79EFBC}") = "VoiceSDK.Dictation.Editor", "VoiceSDK.Dictation.Editor.csproj", "{56952CD4-1C50-026C-3DF3-846147F9A279}"
EndProject
Project("{FAE04EC0-301F-11D3-BF4B-00C04F79EFBC}") = "Oculus.Platform.Editor", "Oculus.Platform.Editor.csproj", "{B8012FBA-43B5-EF01-844E-4A9F28550D4A}"
EndProject
Project("{FAE04EC0-301F-11D3-BF4B-00C04F79EFBC}") = "Oculus.Spatializer.Editor", "Oculus.Spatializer.Editor.csproj", "{958317B2-ED7C-B8AA-2682-0AD502BB02C0}"
EndProject
Project("{FAE04EC0-301F-11D3-BF4B-00C04F79EFBC}") = "Oculus.AudioManager.Audio.Editor", "Oculus.AudioManager.Audio.Editor.csproj", "{DC2B1472-FFA7-5196-47BB-3F2A80860F86}"
EndProject
Project("{FAE04EC0-301F-11D3-BF4B-00C04F79EFBC}") = "Oculus.Interaction.InterfaceSupport", "Oculus.Interaction.InterfaceSupport.csproj", "{71D4D432-A3AE-EA32-3AA5-C8700B5F185C}"
EndProject
Project("{FAE04EC0-301F-11D3-BF4B-00C04F79EFBC}") = "Oculus.VR.Scripts.Editor", "Oculus.VR.Scripts.Editor.csproj", "{96126F79-7D3F-D113-3778-24E149ED265B}"
EndProject
Project("{FAE04EC0-301F-11D3-BF4B-00C04F79EFBC}") = "Oculus.LipSync.Editor", "Oculus.LipSync.Editor.csproj", "{F1A5D085-BD29-0708-C389-50D3ADFA72DC}"
EndProject
Project("{FAE04EC0-301F-11D3-BF4B-00C04F79EFBC}") = "AssistantCoreSDKEditor", "AssistantCoreSDKEditor.csproj", "{330A50D9-B5CF-1E2C-90A1-83E2E96197D7}"
EndProject
Project("{FAE04EC0-301F-11D3-BF4B-00C04F79EFBC}") = "Oculus.AudioManager.Utils.Editor", "Oculus.AudioManager.Utils.Editor.csproj", "{75846650-39F3-6BAB-E6BD-144F36326BB9}"
EndProject
Global
	GlobalSection(SolutionConfigurationPlatforms) = preSolution
		Debug|Any CPU = Debug|Any CPU
		Release|Any CPU = Release|Any CPU
	EndGlobalSection
	GlobalSection(ProjectConfigurationPlatforms) = postSolution
		{6998DA02-140E-B6BE-3B3B-3D944C405B1E}.Debug|Any CPU.ActiveCfg = Debug|Any CPU
		{6998DA02-140E-B6BE-3B3B-3D944C405B1E}.Debug|Any CPU.Build.0 = Debug|Any CPU
		{6998DA02-140E-B6BE-3B3B-3D944C405B1E}.Release|Any CPU.ActiveCfg = Release|Any CPU
		{6998DA02-140E-B6BE-3B3B-3D944C405B1E}.Release|Any CPU.Build.0 = Release|Any CPU
		{EEBB964B-B897-A0A3-2E47-22F779222574}.Debug|Any CPU.ActiveCfg = Debug|Any CPU
		{EEBB964B-B897-A0A3-2E47-22F779222574}.Debug|Any CPU.Build.0 = Debug|Any CPU
		{EEBB964B-B897-A0A3-2E47-22F779222574}.Release|Any CPU.ActiveCfg = Release|Any CPU
		{EEBB964B-B897-A0A3-2E47-22F779222574}.Release|Any CPU.Build.0 = Release|Any CPU
		{CA09B8A4-59B6-A457-E22D-723B9B6697E0}.Debug|Any CPU.ActiveCfg = Debug|Any CPU
		{CA09B8A4-59B6-A457-E22D-723B9B6697E0}.Debug|Any CPU.Build.0 = Debug|Any CPU
		{CA09B8A4-59B6-A457-E22D-723B9B6697E0}.Release|Any CPU.ActiveCfg = Release|Any CPU
		{CA09B8A4-59B6-A457-E22D-723B9B6697E0}.Release|Any CPU.Build.0 = Release|Any CPU
		{5DFBC1AD-CBF9-B8F1-5E00-BCE653F3153C}.Debug|Any CPU.ActiveCfg = Debug|Any CPU
		{5DFBC1AD-CBF9-B8F1-5E00-BCE653F3153C}.Debug|Any CPU.Build.0 = Debug|Any CPU
		{5DFBC1AD-CBF9-B8F1-5E00-BCE653F3153C}.Release|Any CPU.ActiveCfg = Release|Any CPU
		{5DFBC1AD-CBF9-B8F1-5E00-BCE653F3153C}.Release|Any CPU.Build.0 = Release|Any CPU
		{249F6984-2364-224E-533C-4E4BC0BA1002}.Debug|Any CPU.ActiveCfg = Debug|Any CPU
		{249F6984-2364-224E-533C-4E4BC0BA1002}.Debug|Any CPU.Build.0 = Debug|Any CPU
		{249F6984-2364-224E-533C-4E4BC0BA1002}.Release|Any CPU.ActiveCfg = Release|Any CPU
		{249F6984-2364-224E-533C-4E4BC0BA1002}.Release|Any CPU.Build.0 = Release|Any CPU
		{BB6A8066-1371-428A-424F-00C0ED01F958}.Debug|Any CPU.ActiveCfg = Debug|Any CPU
		{BB6A8066-1371-428A-424F-00C0ED01F958}.Debug|Any CPU.Build.0 = Debug|Any CPU
		{BB6A8066-1371-428A-424F-00C0ED01F958}.Release|Any CPU.ActiveCfg = Release|Any CPU
		{BB6A8066-1371-428A-424F-00C0ED01F958}.Release|Any CPU.Build.0 = Release|Any CPU
		{3B07B09C-E727-6720-A66E-D8517BB9B831}.Debug|Any CPU.ActiveCfg = Debug|Any CPU
		{3B07B09C-E727-6720-A66E-D8517BB9B831}.Debug|Any CPU.Build.0 = Debug|Any CPU
		{3B07B09C-E727-6720-A66E-D8517BB9B831}.Release|Any CPU.ActiveCfg = Release|Any CPU
		{3B07B09C-E727-6720-A66E-D8517BB9B831}.Release|Any CPU.Build.0 = Release|Any CPU
		{3E0821C0-C3E9-622C-52A9-D48D29C5C786}.Debug|Any CPU.ActiveCfg = Debug|Any CPU
		{3E0821C0-C3E9-622C-52A9-D48D29C5C786}.Debug|Any CPU.Build.0 = Debug|Any CPU
		{3E0821C0-C3E9-622C-52A9-D48D29C5C786}.Release|Any CPU.ActiveCfg = Release|Any CPU
		{3E0821C0-C3E9-622C-52A9-D48D29C5C786}.Release|Any CPU.Build.0 = Release|Any CPU
		{8443B0F6-0E1A-A787-875A-3D8E2931C8B0}.Debug|Any CPU.ActiveCfg = Debug|Any CPU
		{8443B0F6-0E1A-A787-875A-3D8E2931C8B0}.Debug|Any CPU.Build.0 = Debug|Any CPU
		{8443B0F6-0E1A-A787-875A-3D8E2931C8B0}.Release|Any CPU.ActiveCfg = Release|Any CPU
		{8443B0F6-0E1A-A787-875A-3D8E2931C8B0}.Release|Any CPU.Build.0 = Release|Any CPU
		{676D96A0-889C-3B4F-9263-7F5CF9535D47}.Debug|Any CPU.ActiveCfg = Debug|Any CPU
		{676D96A0-889C-3B4F-9263-7F5CF9535D47}.Debug|Any CPU.Build.0 = Debug|Any CPU
		{676D96A0-889C-3B4F-9263-7F5CF9535D47}.Release|Any CPU.ActiveCfg = Release|Any CPU
		{676D96A0-889C-3B4F-9263-7F5CF9535D47}.Release|Any CPU.Build.0 = Release|Any CPU
		{1BD76280-BE10-F424-4640-2A19C143D31B}.Debug|Any CPU.ActiveCfg = Debug|Any CPU
		{1BD76280-BE10-F424-4640-2A19C143D31B}.Debug|Any CPU.Build.0 = Debug|Any CPU
		{1BD76280-BE10-F424-4640-2A19C143D31B}.Release|Any CPU.ActiveCfg = Release|Any CPU
		{1BD76280-BE10-F424-4640-2A19C143D31B}.Release|Any CPU.Build.0 = Release|Any CPU
		{959546F6-7997-34D3-0ADD-28BEBBAFF1CF}.Debug|Any CPU.ActiveCfg = Debug|Any CPU
		{959546F6-7997-34D3-0ADD-28BEBBAFF1CF}.Debug|Any CPU.Build.0 = Debug|Any CPU
		{959546F6-7997-34D3-0ADD-28BEBBAFF1CF}.Release|Any CPU.ActiveCfg = Release|Any CPU
		{959546F6-7997-34D3-0ADD-28BEBBAFF1CF}.Release|Any CPU.Build.0 = Release|Any CPU
		{69A29DBF-3C5D-1148-DAF7-007D3EDACD79}.Debug|Any CPU.ActiveCfg = Debug|Any CPU
		{69A29DBF-3C5D-1148-DAF7-007D3EDACD79}.Debug|Any CPU.Build.0 = Debug|Any CPU
		{69A29DBF-3C5D-1148-DAF7-007D3EDACD79}.Release|Any CPU.ActiveCfg = Release|Any CPU
		{69A29DBF-3C5D-1148-DAF7-007D3EDACD79}.Release|Any CPU.Build.0 = Release|Any CPU
		{7A23977F-4733-F944-132A-1D480BE651DD}.Debug|Any CPU.ActiveCfg = Debug|Any CPU
		{7A23977F-4733-F944-132A-1D480BE651DD}.Debug|Any CPU.Build.0 = Debug|Any CPU
		{7A23977F-4733-F944-132A-1D480BE651DD}.Release|Any CPU.ActiveCfg = Release|Any CPU
		{7A23977F-4733-F944-132A-1D480BE651DD}.Release|Any CPU.Build.0 = Release|Any CPU
		{546BFCC7-26AD-74F3-467B-7363F4C24E3A}.Debug|Any CPU.ActiveCfg = Debug|Any CPU
		{546BFCC7-26AD-74F3-467B-7363F4C24E3A}.Debug|Any CPU.Build.0 = Debug|Any CPU
		{546BFCC7-26AD-74F3-467B-7363F4C24E3A}.Release|Any CPU.ActiveCfg = Release|Any CPU
		{546BFCC7-26AD-74F3-467B-7363F4C24E3A}.Release|Any CPU.Build.0 = Release|Any CPU
		{37B1E9CD-583E-B7F8-130D-3676F1236CF4}.Debug|Any CPU.ActiveCfg = Debug|Any CPU
		{37B1E9CD-583E-B7F8-130D-3676F1236CF4}.Debug|Any CPU.Build.0 = Debug|Any CPU
		{37B1E9CD-583E-B7F8-130D-3676F1236CF4}.Release|Any CPU.ActiveCfg = Release|Any CPU
		{37B1E9CD-583E-B7F8-130D-3676F1236CF4}.Release|Any CPU.Build.0 = Release|Any CPU
		{3B488195-6BFD-F718-BB38-35A7F4A983A9}.Debug|Any CPU.ActiveCfg = Debug|Any CPU
		{3B488195-6BFD-F718-BB38-35A7F4A983A9}.Debug|Any CPU.Build.0 = Debug|Any CPU
		{3B488195-6BFD-F718-BB38-35A7F4A983A9}.Release|Any CPU.ActiveCfg = Release|Any CPU
		{3B488195-6BFD-F718-BB38-35A7F4A983A9}.Release|Any CPU.Build.0 = Release|Any CPU
		{6E5FD89D-B3A9-58B0-9E58-8BE4E0884B75}.Debug|Any CPU.ActiveCfg = Debug|Any CPU
		{6E5FD89D-B3A9-58B0-9E58-8BE4E0884B75}.Debug|Any CPU.Build.0 = Debug|Any CPU
		{6E5FD89D-B3A9-58B0-9E58-8BE4E0884B75}.Release|Any CPU.ActiveCfg = Release|Any CPU
		{6E5FD89D-B3A9-58B0-9E58-8BE4E0884B75}.Release|Any CPU.Build.0 = Release|Any CPU
		{3FF0DBC8-F3F6-0086-81CE-D2B4D62F0701}.Debug|Any CPU.ActiveCfg = Debug|Any CPU
		{3FF0DBC8-F3F6-0086-81CE-D2B4D62F0701}.Debug|Any CPU.Build.0 = Debug|Any CPU
		{3FF0DBC8-F3F6-0086-81CE-D2B4D62F0701}.Release|Any CPU.ActiveCfg = Release|Any CPU
		{3FF0DBC8-F3F6-0086-81CE-D2B4D62F0701}.Release|Any CPU.Build.0 = Release|Any CPU
		{EEBF2E81-045F-2F9A-E82C-4B8BFF2B96F7}.Debug|Any CPU.ActiveCfg = Debug|Any CPU
		{EEBF2E81-045F-2F9A-E82C-4B8BFF2B96F7}.Debug|Any CPU.Build.0 = Debug|Any CPU
		{EEBF2E81-045F-2F9A-E82C-4B8BFF2B96F7}.Release|Any CPU.ActiveCfg = Release|Any CPU
		{EEBF2E81-045F-2F9A-E82C-4B8BFF2B96F7}.Release|Any CPU.Build.0 = Release|Any CPU
		{B3DDC3EE-9ED1-599C-8FFC-841CE1293A00}.Debug|Any CPU.ActiveCfg = Debug|Any CPU
		{B3DDC3EE-9ED1-599C-8FFC-841CE1293A00}.Debug|Any CPU.Build.0 = Debug|Any CPU
		{B3DDC3EE-9ED1-599C-8FFC-841CE1293A00}.Release|Any CPU.ActiveCfg = Release|Any CPU
		{B3DDC3EE-9ED1-599C-8FFC-841CE1293A00}.Release|Any CPU.Build.0 = Release|Any CPU
		{8E38E5DB-E169-851D-6829-6464583E438E}.Debug|Any CPU.ActiveCfg = Debug|Any CPU
		{8E38E5DB-E169-851D-6829-6464583E438E}.Debug|Any CPU.Build.0 = Debug|Any CPU
		{8E38E5DB-E169-851D-6829-6464583E438E}.Release|Any CPU.ActiveCfg = Release|Any CPU
		{8E38E5DB-E169-851D-6829-6464583E438E}.Release|Any CPU.Build.0 = Release|Any CPU
		{CD6806D1-E642-AFF1-F48E-F0D4351852C3}.Debug|Any CPU.ActiveCfg = Debug|Any CPU
		{CD6806D1-E642-AFF1-F48E-F0D4351852C3}.Debug|Any CPU.Build.0 = Debug|Any CPU
		{CD6806D1-E642-AFF1-F48E-F0D4351852C3}.Release|Any CPU.ActiveCfg = Release|Any CPU
		{CD6806D1-E642-AFF1-F48E-F0D4351852C3}.Release|Any CPU.Build.0 = Release|Any CPU
		{BFEFE7C1-455F-FFC2-3614-8723E165D485}.Debug|Any CPU.ActiveCfg = Debug|Any CPU
		{BFEFE7C1-455F-FFC2-3614-8723E165D485}.Debug|Any CPU.Build.0 = Debug|Any CPU
		{BFEFE7C1-455F-FFC2-3614-8723E165D485}.Release|Any CPU.ActiveCfg = Release|Any CPU
		{BFEFE7C1-455F-FFC2-3614-8723E165D485}.Release|Any CPU.Build.0 = Release|Any CPU
		{8C82AE82-203A-2353-6BC6-FFCCBA88B968}.Debug|Any CPU.ActiveCfg = Debug|Any CPU
		{8C82AE82-203A-2353-6BC6-FFCCBA88B968}.Debug|Any CPU.Build.0 = Debug|Any CPU
		{8C82AE82-203A-2353-6BC6-FFCCBA88B968}.Release|Any CPU.ActiveCfg = Release|Any CPU
		{8C82AE82-203A-2353-6BC6-FFCCBA88B968}.Release|Any CPU.Build.0 = Release|Any CPU
		{65C14258-5877-1F0D-B46A-9FF15C6B031A}.Debug|Any CPU.ActiveCfg = Debug|Any CPU
		{65C14258-5877-1F0D-B46A-9FF15C6B031A}.Debug|Any CPU.Build.0 = Debug|Any CPU
		{65C14258-5877-1F0D-B46A-9FF15C6B031A}.Release|Any CPU.ActiveCfg = Release|Any CPU
		{65C14258-5877-1F0D-B46A-9FF15C6B031A}.Release|Any CPU.Build.0 = Release|Any CPU
		{043F880E-1EC5-8ED0-5132-30C9AFA25594}.Debug|Any CPU.ActiveCfg = Debug|Any CPU
		{043F880E-1EC5-8ED0-5132-30C9AFA25594}.Debug|Any CPU.Build.0 = Debug|Any CPU
		{043F880E-1EC5-8ED0-5132-30C9AFA25594}.Release|Any CPU.ActiveCfg = Release|Any CPU
		{043F880E-1EC5-8ED0-5132-30C9AFA25594}.Release|Any CPU.Build.0 = Release|Any CPU
		{56952CD4-1C50-026C-3DF3-846147F9A279}.Debug|Any CPU.ActiveCfg = Debug|Any CPU
		{56952CD4-1C50-026C-3DF3-846147F9A279}.Debug|Any CPU.Build.0 = Debug|Any CPU
		{56952CD4-1C50-026C-3DF3-846147F9A279}.Release|Any CPU.ActiveCfg = Release|Any CPU
		{56952CD4-1C50-026C-3DF3-846147F9A279}.Release|Any CPU.Build.0 = Release|Any CPU
		{B8012FBA-43B5-EF01-844E-4A9F28550D4A}.Debug|Any CPU.ActiveCfg = Debug|Any CPU
		{B8012FBA-43B5-EF01-844E-4A9F28550D4A}.Debug|Any CPU.Build.0 = Debug|Any CPU
		{B8012FBA-43B5-EF01-844E-4A9F28550D4A}.Release|Any CPU.ActiveCfg = Release|Any CPU
		{B8012FBA-43B5-EF01-844E-4A9F28550D4A}.Release|Any CPU.Build.0 = Release|Any CPU
		{958317B2-ED7C-B8AA-2682-0AD502BB02C0}.Debug|Any CPU.ActiveCfg = Debug|Any CPU
		{958317B2-ED7C-B8AA-2682-0AD502BB02C0}.Debug|Any CPU.Build.0 = Debug|Any CPU
		{958317B2-ED7C-B8AA-2682-0AD502BB02C0}.Release|Any CPU.ActiveCfg = Release|Any CPU
		{958317B2-ED7C-B8AA-2682-0AD502BB02C0}.Release|Any CPU.Build.0 = Release|Any CPU
		{DC2B1472-FFA7-5196-47BB-3F2A80860F86}.Debug|Any CPU.ActiveCfg = Debug|Any CPU
		{DC2B1472-FFA7-5196-47BB-3F2A80860F86}.Debug|Any CPU.Build.0 = Debug|Any CPU
		{DC2B1472-FFA7-5196-47BB-3F2A80860F86}.Release|Any CPU.ActiveCfg = Release|Any CPU
		{DC2B1472-FFA7-5196-47BB-3F2A80860F86}.Release|Any CPU.Build.0 = Release|Any CPU
		{71D4D432-A3AE-EA32-3AA5-C8700B5F185C}.Debug|Any CPU.ActiveCfg = Debug|Any CPU
		{71D4D432-A3AE-EA32-3AA5-C8700B5F185C}.Debug|Any CPU.Build.0 = Debug|Any CPU
		{71D4D432-A3AE-EA32-3AA5-C8700B5F185C}.Release|Any CPU.ActiveCfg = Release|Any CPU
		{71D4D432-A3AE-EA32-3AA5-C8700B5F185C}.Release|Any CPU.Build.0 = Release|Any CPU
		{96126F79-7D3F-D113-3778-24E149ED265B}.Debug|Any CPU.ActiveCfg = Debug|Any CPU
		{96126F79-7D3F-D113-3778-24E149ED265B}.Debug|Any CPU.Build.0 = Debug|Any CPU
		{96126F79-7D3F-D113-3778-24E149ED265B}.Release|Any CPU.ActiveCfg = Release|Any CPU
		{96126F79-7D3F-D113-3778-24E149ED265B}.Release|Any CPU.Build.0 = Release|Any CPU
		{F1A5D085-BD29-0708-C389-50D3ADFA72DC}.Debug|Any CPU.ActiveCfg = Debug|Any CPU
		{F1A5D085-BD29-0708-C389-50D3ADFA72DC}.Debug|Any CPU.Build.0 = Debug|Any CPU
		{F1A5D085-BD29-0708-C389-50D3ADFA72DC}.Release|Any CPU.ActiveCfg = Release|Any CPU
		{F1A5D085-BD29-0708-C389-50D3ADFA72DC}.Release|Any CPU.Build.0 = Release|Any CPU
		{330A50D9-B5CF-1E2C-90A1-83E2E96197D7}.Debug|Any CPU.ActiveCfg = Debug|Any CPU
		{330A50D9-B5CF-1E2C-90A1-83E2E96197D7}.Debug|Any CPU.Build.0 = Debug|Any CPU
		{330A50D9-B5CF-1E2C-90A1-83E2E96197D7}.Release|Any CPU.ActiveCfg = Release|Any CPU
		{330A50D9-B5CF-1E2C-90A1-83E2E96197D7}.Release|Any CPU.Build.0 = Release|Any CPU
		{75846650-39F3-6BAB-E6BD-144F36326BB9}.Debug|Any CPU.ActiveCfg = Debug|Any CPU
		{75846650-39F3-6BAB-E6BD-144F36326BB9}.Debug|Any CPU.Build.0 = Debug|Any CPU
		{75846650-39F3-6BAB-E6BD-144F36326BB9}.Release|Any CPU.ActiveCfg = Release|Any CPU
		{75846650-39F3-6BAB-E6BD-144F36326BB9}.Release|Any CPU.Build.0 = Release|Any CPU
	EndGlobalSection
	GlobalSection(SolutionProperties) = preSolution
		HideSolutionNode = FALSE
	EndGlobalSection
EndGlobal
